// !$*UTF8*$!
{
	archiveVersion = 1;
	classes = {
	};
	objectVersion = 50;
	objects = {

/* Begin PBXBuildFile section */
		050299FF23357DAA0049C0A7 /* CustomInputAccessoryView.swift in Sources */ = {isa = PBXBuildFile; fileRef = 050299FE23357DA90049C0A7 /* CustomInputAccessoryView.swift */; };
		05029A012335A4360049C0A7 /* Match.swift in Sources */ = {isa = PBXBuildFile; fileRef = 05029A002335A4360049C0A7 /* Match.swift */; };
		05029A032335A4BA0049C0A7 /* MatchCell.swift in Sources */ = {isa = PBXBuildFile; fileRef = 05029A022335A4BA0049C0A7 /* MatchCell.swift */; };
		05029A052335A5610049C0A7 /* Message.swift in Sources */ = {isa = PBXBuildFile; fileRef = 05029A042335A5610049C0A7 /* Message.swift */; };
		05029A072335A5C30049C0A7 /* MessageCell.swift in Sources */ = {isa = PBXBuildFile; fileRef = 05029A062335A5C30049C0A7 /* MessageCell.swift */; };
		0506657522DE09A3000CBD5F /* AppDelegate.swift in Sources */ = {isa = PBXBuildFile; fileRef = 0506657422DE09A3000CBD5F /* AppDelegate.swift */; };
		0506657722DE09A3000CBD5F /* HomeController.swift in Sources */ = {isa = PBXBuildFile; fileRef = 0506657622DE09A3000CBD5F /* HomeController.swift */; };
		0506657A22DE09A3000CBD5F /* Main.storyboard in Resources */ = {isa = PBXBuildFile; fileRef = 0506657822DE09A3000CBD5F /* Main.storyboard */; };
		0506657C22DE09A5000CBD5F /* Assets.xcassets in Resources */ = {isa = PBXBuildFile; fileRef = 0506657B22DE09A5000CBD5F /* Assets.xcassets */; };
		0506657F22DE09A5000CBD5F /* LaunchScreen.storyboard in Resources */ = {isa = PBXBuildFile; fileRef = 0506657D22DE09A5000CBD5F /* LaunchScreen.storyboard */; };
		0506658A22DE09A5000CBD5F /* TinderFireStoreEBTests.swift in Sources */ = {isa = PBXBuildFile; fileRef = 0506658922DE09A5000CBD5F /* TinderFireStoreEBTests.swift */; };
		0506659522DE09A5000CBD5F /* TinderFireStoreEBUITests.swift in Sources */ = {isa = PBXBuildFile; fileRef = 0506659422DE09A5000CBD5F /* TinderFireStoreEBUITests.swift */; };
		050D982023039CF80055E1F1 /* UserDetailsController.swift in Sources */ = {isa = PBXBuildFile; fileRef = 050D981F23039CF80055E1F1 /* UserDetailsController.swift */; };
		050D9822230623750055E1F1 /* LoginController.swift in Sources */ = {isa = PBXBuildFile; fileRef = 050D9821230623750055E1F1 /* LoginController.swift */; };
		050D9824230623AE0055E1F1 /* LoginViewModel.swift in Sources */ = {isa = PBXBuildFile; fileRef = 050D9823230623AE0055E1F1 /* LoginViewModel.swift */; };
		050D982C230645F60055E1F1 /* app_icon.png in Resources */ = {isa = PBXBuildFile; fileRef = 050D982B230645F60055E1F1 /* app_icon.png */; };
		050D982E230762790055E1F1 /* SwipingPhotosController.swift in Sources */ = {isa = PBXBuildFile; fileRef = 050D982D230762790055E1F1 /* SwipingPhotosController.swift */; };
		0526B4B6232C6EDF002EC21F /* ChatLogController.swift in Sources */ = {isa = PBXBuildFile; fileRef = 0526B4B5232C6EDF002EC21F /* ChatLogController.swift */; };
		0526B4B8232C8496002EC21F /* MessageNavBar.swift in Sources */ = {isa = PBXBuildFile; fileRef = 0526B4B7232C8496002EC21F /* MessageNavBar.swift */; };
		052A4AE822EFE27400F1DCA2 /* Bindable.swift in Sources */ = {isa = PBXBuildFile; fileRef = 052A4AE722EFE27400F1DCA2 /* Bindable.swift */; };
		052A4B2722FA5D9E00F1DCA2 /* SettingsController.swift in Sources */ = {isa = PBXBuildFile; fileRef = 052A4B2622FA5D9E00F1DCA2 /* SettingsController.swift */; };
		052A4B2922FBA09D00F1DCA2 /* SettingsCell.swift in Sources */ = {isa = PBXBuildFile; fileRef = 052A4B2822FBA09D00F1DCA2 /* SettingsCell.swift */; };
		052A4B2B22FF9E6800F1DCA2 /* AgeRangeCell.swift in Sources */ = {isa = PBXBuildFile; fileRef = 052A4B2A22FF9E6800F1DCA2 /* AgeRangeCell.swift */; };
		052A4B2F2300B40600F1DCA2 /* Firebase+Utils.swift in Sources */ = {isa = PBXBuildFile; fileRef = 052A4B2E2300B40600F1DCA2 /* Firebase+Utils.swift */; };
		052A4B33230233A900F1DCA2 /* GoogleService-Info.plist in Resources */ = {isa = PBXBuildFile; fileRef = 052A4B32230233A900F1DCA2 /* GoogleService-Info.plist */; };
		0555A6A422E2DCB80091E712 /* User.swift in Sources */ = {isa = PBXBuildFile; fileRef = 0555A6A322E2DCB80091E712 /* User.swift */; };
		0555A6A822E3B8600091E712 /* CardViewModel.swift in Sources */ = {isa = PBXBuildFile; fileRef = 0555A6A722E3B8600091E712 /* CardViewModel.swift */; };
		0555A6E722E4F0170091E712 /* Advertiser.swift in Sources */ = {isa = PBXBuildFile; fileRef = 0555A6E622E4F0170091E712 /* Advertiser.swift */; };
		0555A6ED22E937C30091E712 /* RegistrationController.swift in Sources */ = {isa = PBXBuildFile; fileRef = 0555A6EC22E937C30091E712 /* RegistrationController.swift */; };
		0555A6EF22E9473E0091E712 /* CustomedTextField.swift in Sources */ = {isa = PBXBuildFile; fileRef = 0555A6EE22E9473E0091E712 /* CustomedTextField.swift */; };
		0555A6F122ED0F0D0091E712 /* RegistrationViewModal.swift in Sources */ = {isa = PBXBuildFile; fileRef = 0555A6F022ED0F0D0091E712 /* RegistrationViewModal.swift */; };
		05703927231F5D7600939035 /* MatchView.swift in Sources */ = {isa = PBXBuildFile; fileRef = 05703926231F5D7600939035 /* MatchView.swift */; };
		057039292320968A00939035 /* SendMessageButton.swift in Sources */ = {isa = PBXBuildFile; fileRef = 057039282320968A00939035 /* SendMessageButton.swift */; };
		0570392B23209CEF00939035 /* KeepSwipingButton.swift in Sources */ = {isa = PBXBuildFile; fileRef = 0570392A23209CEF00939035 /* KeepSwipingButton.swift */; };
		0570396A2327213400939035 /* MatchesMessagesController.swift in Sources */ = {isa = PBXBuildFile; fileRef = 057039692327213400939035 /* MatchesMessagesController.swift */; };
		0570396C2328700B00939035 /* MatchesNavBar.swift in Sources */ = {isa = PBXBuildFile; fileRef = 0570396B2328700B00939035 /* MatchesNavBar.swift */; };
		057B354722DFF6CF00DFB567 /* HomeBottomControlsStackView.swift in Sources */ = {isa = PBXBuildFile; fileRef = 057B354622DFF6CF00DFB567 /* HomeBottomControlsStackView.swift */; };
		057B354922E0010B00DFB567 /* TopNavigationStackView.swift in Sources */ = {isa = PBXBuildFile; fileRef = 057B354822E0010B00DFB567 /* TopNavigationStackView.swift */; };
		057B354B22E1659300DFB567 /* CardView.swift in Sources */ = {isa = PBXBuildFile; fileRef = 057B354A22E1659300DFB567 /* CardView.swift */; };
		82F86C9EE8E0653ED50057E9 /* Pods_TinderFireStoreEB.framework in Frameworks */ = {isa = PBXBuildFile; fileRef = 23ECA12025ED477904BF4DFC /* Pods_TinderFireStoreEB.framework */; };
/* End PBXBuildFile section */

/* Begin PBXContainerItemProxy section */
		0506658622DE09A5000CBD5F /* PBXContainerItemProxy */ = {
			isa = PBXContainerItemProxy;
			containerPortal = 0506656922DE09A3000CBD5F /* Project object */;
			proxyType = 1;
			remoteGlobalIDString = 0506657022DE09A3000CBD5F;
			remoteInfo = TinderFireStoreEB;
		};
		0506659122DE09A5000CBD5F /* PBXContainerItemProxy */ = {
			isa = PBXContainerItemProxy;
			containerPortal = 0506656922DE09A3000CBD5F /* Project object */;
			proxyType = 1;
			remoteGlobalIDString = 0506657022DE09A3000CBD5F;
			remoteInfo = TinderFireStoreEB;
		};
/* End PBXContainerItemProxy section */

/* Begin PBXFileReference section */
		050299FE23357DA90049C0A7 /* CustomInputAccessoryView.swift */ = {isa = PBXFileReference; lastKnownFileType = sourcecode.swift; path = CustomInputAccessoryView.swift; sourceTree = "<group>"; };
		05029A002335A4360049C0A7 /* Match.swift */ = {isa = PBXFileReference; lastKnownFileType = sourcecode.swift; path = Match.swift; sourceTree = "<group>"; };
		05029A022335A4BA0049C0A7 /* MatchCell.swift */ = {isa = PBXFileReference; lastKnownFileType = sourcecode.swift; path = MatchCell.swift; sourceTree = "<group>"; };
		05029A042335A5610049C0A7 /* Message.swift */ = {isa = PBXFileReference; lastKnownFileType = sourcecode.swift; path = Message.swift; sourceTree = "<group>"; };
		05029A062335A5C30049C0A7 /* MessageCell.swift */ = {isa = PBXFileReference; lastKnownFileType = sourcecode.swift; path = MessageCell.swift; sourceTree = "<group>"; };
		0506657122DE09A3000CBD5F /* TinderFireStoreEB.app */ = {isa = PBXFileReference; explicitFileType = wrapper.application; includeInIndex = 0; path = TinderFireStoreEB.app; sourceTree = BUILT_PRODUCTS_DIR; };
		0506657422DE09A3000CBD5F /* AppDelegate.swift */ = {isa = PBXFileReference; lastKnownFileType = sourcecode.swift; path = AppDelegate.swift; sourceTree = "<group>"; };
		0506657622DE09A3000CBD5F /* HomeController.swift */ = {isa = PBXFileReference; lastKnownFileType = sourcecode.swift; path = HomeController.swift; sourceTree = "<group>"; };
		0506657922DE09A3000CBD5F /* Base */ = {isa = PBXFileReference; lastKnownFileType = file.storyboard; name = Base; path = Base.lproj/Main.storyboard; sourceTree = "<group>"; };
		0506657B22DE09A5000CBD5F /* Assets.xcassets */ = {isa = PBXFileReference; lastKnownFileType = folder.assetcatalog; path = Assets.xcassets; sourceTree = "<group>"; };
		0506657E22DE09A5000CBD5F /* Base */ = {isa = PBXFileReference; lastKnownFileType = file.storyboard; name = Base; path = Base.lproj/LaunchScreen.storyboard; sourceTree = "<group>"; };
		0506658022DE09A5000CBD5F /* Info.plist */ = {isa = PBXFileReference; lastKnownFileType = text.plist.xml; path = Info.plist; sourceTree = "<group>"; };
		0506658522DE09A5000CBD5F /* TinderFireStoreEBTests.xctest */ = {isa = PBXFileReference; explicitFileType = wrapper.cfbundle; includeInIndex = 0; path = TinderFireStoreEBTests.xctest; sourceTree = BUILT_PRODUCTS_DIR; };
		0506658922DE09A5000CBD5F /* TinderFireStoreEBTests.swift */ = {isa = PBXFileReference; lastKnownFileType = sourcecode.swift; path = TinderFireStoreEBTests.swift; sourceTree = "<group>"; };
		0506658B22DE09A5000CBD5F /* Info.plist */ = {isa = PBXFileReference; lastKnownFileType = text.plist.xml; path = Info.plist; sourceTree = "<group>"; };
		0506659022DE09A5000CBD5F /* TinderFireStoreEBUITests.xctest */ = {isa = PBXFileReference; explicitFileType = wrapper.cfbundle; includeInIndex = 0; path = TinderFireStoreEBUITests.xctest; sourceTree = BUILT_PRODUCTS_DIR; };
		0506659422DE09A5000CBD5F /* TinderFireStoreEBUITests.swift */ = {isa = PBXFileReference; lastKnownFileType = sourcecode.swift; path = TinderFireStoreEBUITests.swift; sourceTree = "<group>"; };
		0506659622DE09A5000CBD5F /* Info.plist */ = {isa = PBXFileReference; lastKnownFileType = text.plist.xml; path = Info.plist; sourceTree = "<group>"; };
		050D981F23039CF80055E1F1 /* UserDetailsController.swift */ = {isa = PBXFileReference; lastKnownFileType = sourcecode.swift; path = UserDetailsController.swift; sourceTree = "<group>"; };
		050D9821230623750055E1F1 /* LoginController.swift */ = {isa = PBXFileReference; lastKnownFileType = sourcecode.swift; path = LoginController.swift; sourceTree = "<group>"; };
		050D9823230623AE0055E1F1 /* LoginViewModel.swift */ = {isa = PBXFileReference; lastKnownFileType = sourcecode.swift; path = LoginViewModel.swift; sourceTree = "<group>"; };
		050D982B230645F60055E1F1 /* app_icon.png */ = {isa = PBXFileReference; lastKnownFileType = image.png; name = app_icon.png; path = ../../images/app_icon.png; sourceTree = "<group>"; };
		050D982D230762790055E1F1 /* SwipingPhotosController.swift */ = {isa = PBXFileReference; lastKnownFileType = sourcecode.swift; path = SwipingPhotosController.swift; sourceTree = "<group>"; };
		0526B4B5232C6EDF002EC21F /* ChatLogController.swift */ = {isa = PBXFileReference; lastKnownFileType = sourcecode.swift; path = ChatLogController.swift; sourceTree = "<group>"; };
		0526B4B7232C8496002EC21F /* MessageNavBar.swift */ = {isa = PBXFileReference; lastKnownFileType = sourcecode.swift; path = MessageNavBar.swift; sourceTree = "<group>"; };
		052A4AE722EFE27400F1DCA2 /* Bindable.swift */ = {isa = PBXFileReference; lastKnownFileType = sourcecode.swift; path = Bindable.swift; sourceTree = "<group>"; };
		052A4B2622FA5D9E00F1DCA2 /* SettingsController.swift */ = {isa = PBXFileReference; lastKnownFileType = sourcecode.swift; path = SettingsController.swift; sourceTree = "<group>"; };
		052A4B2822FBA09D00F1DCA2 /* SettingsCell.swift */ = {isa = PBXFileReference; lastKnownFileType = sourcecode.swift; path = SettingsCell.swift; sourceTree = "<group>"; };
		052A4B2A22FF9E6800F1DCA2 /* AgeRangeCell.swift */ = {isa = PBXFileReference; lastKnownFileType = sourcecode.swift; path = AgeRangeCell.swift; sourceTree = "<group>"; };
		052A4B2E2300B40600F1DCA2 /* Firebase+Utils.swift */ = {isa = PBXFileReference; lastKnownFileType = sourcecode.swift; name = "Firebase+Utils.swift"; path = "TinderFireStoreEB/Views/Firebase+Utils.swift"; sourceTree = SOURCE_ROOT; };
		052A4B32230233A900F1DCA2 /* GoogleService-Info.plist */ = {isa = PBXFileReference; fileEncoding = 4; lastKnownFileType = text.plist.xml; name = "GoogleService-Info.plist"; path = "../../GoogleService-Info.plist"; sourceTree = "<group>"; };
		0555A6A322E2DCB80091E712 /* User.swift */ = {isa = PBXFileReference; lastKnownFileType = sourcecode.swift; path = User.swift; sourceTree = "<group>"; };
		0555A6A722E3B8600091E712 /* CardViewModel.swift */ = {isa = PBXFileReference; lastKnownFileType = sourcecode.swift; path = CardViewModel.swift; sourceTree = "<group>"; };
		0555A6E622E4F0170091E712 /* Advertiser.swift */ = {isa = PBXFileReference; lastKnownFileType = sourcecode.swift; path = Advertiser.swift; sourceTree = "<group>"; };
		0555A6EC22E937C30091E712 /* RegistrationController.swift */ = {isa = PBXFileReference; lastKnownFileType = sourcecode.swift; path = RegistrationController.swift; sourceTree = "<group>"; };
		0555A6EE22E9473E0091E712 /* CustomedTextField.swift */ = {isa = PBXFileReference; lastKnownFileType = sourcecode.swift; path = CustomedTextField.swift; sourceTree = "<group>"; };
		0555A6F022ED0F0D0091E712 /* RegistrationViewModal.swift */ = {isa = PBXFileReference; lastKnownFileType = sourcecode.swift; path = RegistrationViewModal.swift; sourceTree = "<group>"; };
		05703926231F5D7600939035 /* MatchView.swift */ = {isa = PBXFileReference; lastKnownFileType = sourcecode.swift; path = MatchView.swift; sourceTree = "<group>"; };
		057039282320968A00939035 /* SendMessageButton.swift */ = {isa = PBXFileReference; lastKnownFileType = sourcecode.swift; path = SendMessageButton.swift; sourceTree = "<group>"; };
		0570392A23209CEF00939035 /* KeepSwipingButton.swift */ = {isa = PBXFileReference; lastKnownFileType = sourcecode.swift; path = KeepSwipingButton.swift; sourceTree = "<group>"; };
		057039692327213400939035 /* MatchesMessagesController.swift */ = {isa = PBXFileReference; lastKnownFileType = sourcecode.swift; path = MatchesMessagesController.swift; sourceTree = "<group>"; };
		0570396B2328700B00939035 /* MatchesNavBar.swift */ = {isa = PBXFileReference; lastKnownFileType = sourcecode.swift; path = MatchesNavBar.swift; sourceTree = "<group>"; };
		057B354622DFF6CF00DFB567 /* HomeBottomControlsStackView.swift */ = {isa = PBXFileReference; lastKnownFileType = sourcecode.swift; path = HomeBottomControlsStackView.swift; sourceTree = "<group>"; };
		057B354822E0010B00DFB567 /* TopNavigationStackView.swift */ = {isa = PBXFileReference; lastKnownFileType = sourcecode.swift; path = TopNavigationStackView.swift; sourceTree = "<group>"; };
		057B354A22E1659300DFB567 /* CardView.swift */ = {isa = PBXFileReference; lastKnownFileType = sourcecode.swift; path = CardView.swift; sourceTree = "<group>"; };
		23ECA12025ED477904BF4DFC /* Pods_TinderFireStoreEB.framework */ = {isa = PBXFileReference; explicitFileType = wrapper.framework; includeInIndex = 0; path = Pods_TinderFireStoreEB.framework; sourceTree = BUILT_PRODUCTS_DIR; };
		89A2758824C91BDC74BF7018 /* Pods-TinderFireStoreEB.release.xcconfig */ = {isa = PBXFileReference; includeInIndex = 1; lastKnownFileType = text.xcconfig; name = "Pods-TinderFireStoreEB.release.xcconfig"; path = "Pods/Target Support Files/Pods-TinderFireStoreEB/Pods-TinderFireStoreEB.release.xcconfig"; sourceTree = "<group>"; };
		D856F8DA48A9AD32757CD9A2 /* Pods-TinderFireStoreEB.debug.xcconfig */ = {isa = PBXFileReference; includeInIndex = 1; lastKnownFileType = text.xcconfig; name = "Pods-TinderFireStoreEB.debug.xcconfig"; path = "Pods/Target Support Files/Pods-TinderFireStoreEB/Pods-TinderFireStoreEB.debug.xcconfig"; sourceTree = "<group>"; };
/* End PBXFileReference section */

/* Begin PBXFrameworksBuildPhase section */
		0506656E22DE09A3000CBD5F /* Frameworks */ = {
			isa = PBXFrameworksBuildPhase;
			buildActionMask = 2147483647;
			files = (
				82F86C9EE8E0653ED50057E9 /* Pods_TinderFireStoreEB.framework in Frameworks */,
			);
			runOnlyForDeploymentPostprocessing = 0;
		};
		0506658222DE09A5000CBD5F /* Frameworks */ = {
			isa = PBXFrameworksBuildPhase;
			buildActionMask = 2147483647;
			files = (
			);
			runOnlyForDeploymentPostprocessing = 0;
		};
		0506658D22DE09A5000CBD5F /* Frameworks */ = {
			isa = PBXFrameworksBuildPhase;
			buildActionMask = 2147483647;
			files = (
			);
			runOnlyForDeploymentPostprocessing = 0;
		};
/* End PBXFrameworksBuildPhase section */

/* Begin PBXGroup section */
		0506656822DE09A3000CBD5F = {
			isa = PBXGroup;
			children = (
				0506657322DE09A3000CBD5F /* TinderFireStoreEB */,
				0506658822DE09A5000CBD5F /* TinderFireStoreEBTests */,
				0506659322DE09A5000CBD5F /* TinderFireStoreEBUITests */,
				0506657222DE09A3000CBD5F /* Products */,
				CA52E2CD16610812997B1137 /* Pods */,
				31281C49D1968B89D5170D96 /* Frameworks */,
			);
			sourceTree = "<group>";
		};
		0506657222DE09A3000CBD5F /* Products */ = {
			isa = PBXGroup;
			children = (
				0506657122DE09A3000CBD5F /* TinderFireStoreEB.app */,
				0506658522DE09A5000CBD5F /* TinderFireStoreEBTests.xctest */,
				0506659022DE09A5000CBD5F /* TinderFireStoreEBUITests.xctest */,
			);
			name = Products;
			sourceTree = "<group>";
		};
		0506657322DE09A3000CBD5F /* TinderFireStoreEB */ = {
			isa = PBXGroup;
			children = (
				0555A6A522E3B6E60091E712 /* Controllers */,
				0555A6A222E2DC760091E712 /* Model */,
				057B354522DFF66700DFB567 /* Views */,
				0555A6A622E3B7A50091E712 /* ViewModels */,
				057B353F22DEABEB00DFB567 /* Extensions */,
				0506657422DE09A3000CBD5F /* AppDelegate.swift */,
				0506657822DE09A3000CBD5F /* Main.storyboard */,
				0506657B22DE09A5000CBD5F /* Assets.xcassets */,
				0506657D22DE09A5000CBD5F /* LaunchScreen.storyboard */,
				0506658022DE09A5000CBD5F /* Info.plist */,
				050D982B230645F60055E1F1 /* app_icon.png */,
				052A4B32230233A900F1DCA2 /* GoogleService-Info.plist */,
			);
			path = TinderFireStoreEB;
			sourceTree = "<group>";
		};
		0506658822DE09A5000CBD5F /* TinderFireStoreEBTests */ = {
			isa = PBXGroup;
			children = (
				0506658922DE09A5000CBD5F /* TinderFireStoreEBTests.swift */,
				0506658B22DE09A5000CBD5F /* Info.plist */,
			);
			path = TinderFireStoreEBTests;
			sourceTree = "<group>";
		};
		0506659322DE09A5000CBD5F /* TinderFireStoreEBUITests */ = {
			isa = PBXGroup;
			children = (
				0506659422DE09A5000CBD5F /* TinderFireStoreEBUITests.swift */,
				0506659622DE09A5000CBD5F /* Info.plist */,
			);
			path = TinderFireStoreEBUITests;
			sourceTree = "<group>";
		};
		050D981E23039CDA0055E1F1 /* User Details */ = {
			isa = PBXGroup;
			children = (
				050D981F23039CF80055E1F1 /* UserDetailsController.swift */,
				050D982D230762790055E1F1 /* SwipingPhotosController.swift */,
			);
			path = "User Details";
			sourceTree = "<group>";
		};
		052A4B372302352700F1DCA2 /* Login */ = {
			isa = PBXGroup;
			children = (
				050D9821230623750055E1F1 /* LoginController.swift */,
				050D9823230623AE0055E1F1 /* LoginViewModel.swift */,
			);
			path = Login;
			sourceTree = "<group>";
		};
		0555A6A222E2DC760091E712 /* Model */ = {
			isa = PBXGroup;
			children = (
				0555A6A322E2DCB80091E712 /* User.swift */,
				0555A6E622E4F0170091E712 /* Advertiser.swift */,
			);
			path = Model;
			sourceTree = "<group>";
		};
		0555A6A522E3B6E60091E712 /* Controllers */ = {
			isa = PBXGroup;
			children = (
				05703968232720F600939035 /* MatchesMessages */,
				050D981E23039CDA0055E1F1 /* User Details */,
				052A4B372302352700F1DCA2 /* Login */,
				0506657622DE09A3000CBD5F /* HomeController.swift */,
				0555A6EC22E937C30091E712 /* RegistrationController.swift */,
				052A4AE722EFE27400F1DCA2 /* Bindable.swift */,
				052A4B2622FA5D9E00F1DCA2 /* SettingsController.swift */,
			);
			path = Controllers;
			sourceTree = "<group>";
		};
		0555A6A622E3B7A50091E712 /* ViewModels */ = {
			isa = PBXGroup;
			children = (
				0555A6A722E3B8600091E712 /* CardViewModel.swift */,
				0555A6F022ED0F0D0091E712 /* RegistrationViewModal.swift */,
			);
			path = ViewModels;
			sourceTree = "<group>";
		};
		05703968232720F600939035 /* MatchesMessages */ = {
			isa = PBXGroup;
			children = (
				057039692327213400939035 /* MatchesMessagesController.swift */,
				0526B4B5232C6EDF002EC21F /* ChatLogController.swift */,
				0526B4B7232C8496002EC21F /* MessageNavBar.swift */,
				050299FE23357DA90049C0A7 /* CustomInputAccessoryView.swift */,
				05029A002335A4360049C0A7 /* Match.swift */,
				05029A022335A4BA0049C0A7 /* MatchCell.swift */,
				05029A042335A5610049C0A7 /* Message.swift */,
				0570396B2328700B00939035 /* MatchesNavBar.swift */,
				05029A062335A5C30049C0A7 /* MessageCell.swift */,
			);
			path = MatchesMessages;
			sourceTree = "<group>";
		};
		057B353F22DEABEB00DFB567 /* Extensions */ = {
			isa = PBXGroup;
			children = (
				052A4B2E2300B40600F1DCA2 /* Firebase+Utils.swift */,
			);
			path = Extensions;
			sourceTree = "<group>";
		};
		057B354522DFF66700DFB567 /* Views */ = {
			isa = PBXGroup;
			children = (
				057B354622DFF6CF00DFB567 /* HomeBottomControlsStackView.swift */,
				057B354822E0010B00DFB567 /* TopNavigationStackView.swift */,
				057B354A22E1659300DFB567 /* CardView.swift */,
				0555A6EE22E9473E0091E712 /* CustomedTextField.swift */,
				052A4B2822FBA09D00F1DCA2 /* SettingsCell.swift */,
				052A4B2A22FF9E6800F1DCA2 /* AgeRangeCell.swift */,
				05703926231F5D7600939035 /* MatchView.swift */,
				057039282320968A00939035 /* SendMessageButton.swift */,
				0570392A23209CEF00939035 /* KeepSwipingButton.swift */,
			);
			path = Views;
			sourceTree = "<group>";
		};
		31281C49D1968B89D5170D96 /* Frameworks */ = {
			isa = PBXGroup;
			children = (
				23ECA12025ED477904BF4DFC /* Pods_TinderFireStoreEB.framework */,
			);
			name = Frameworks;
			sourceTree = "<group>";
		};
		CA52E2CD16610812997B1137 /* Pods */ = {
			isa = PBXGroup;
			children = (
				D856F8DA48A9AD32757CD9A2 /* Pods-TinderFireStoreEB.debug.xcconfig */,
				89A2758824C91BDC74BF7018 /* Pods-TinderFireStoreEB.release.xcconfig */,
			);
			name = Pods;
			sourceTree = "<group>";
		};
/* End PBXGroup section */

/* Begin PBXNativeTarget section */
		0506657022DE09A3000CBD5F /* TinderFireStoreEB */ = {
			isa = PBXNativeTarget;
			buildConfigurationList = 0506659922DE09A5000CBD5F /* Build configuration list for PBXNativeTarget "TinderFireStoreEB" */;
			buildPhases = (
				27FC929FDCD36A2A96E3F1E1 /* [CP] Check Pods Manifest.lock */,
				0506656D22DE09A3000CBD5F /* Sources */,
				0506656E22DE09A3000CBD5F /* Frameworks */,
				0506656F22DE09A3000CBD5F /* Resources */,
				B4BD682D0BD350A3BB6FE67D /* [CP] Embed Pods Frameworks */,
			);
			buildRules = (
			);
			dependencies = (
			);
			name = TinderFireStoreEB;
			productName = TinderFireStoreEB;
			productReference = 0506657122DE09A3000CBD5F /* TinderFireStoreEB.app */;
			productType = "com.apple.product-type.application";
		};
		0506658422DE09A5000CBD5F /* TinderFireStoreEBTests */ = {
			isa = PBXNativeTarget;
			buildConfigurationList = 0506659C22DE09A5000CBD5F /* Build configuration list for PBXNativeTarget "TinderFireStoreEBTests" */;
			buildPhases = (
				0506658122DE09A5000CBD5F /* Sources */,
				0506658222DE09A5000CBD5F /* Frameworks */,
				0506658322DE09A5000CBD5F /* Resources */,
			);
			buildRules = (
			);
			dependencies = (
				0506658722DE09A5000CBD5F /* PBXTargetDependency */,
			);
			name = TinderFireStoreEBTests;
			productName = TinderFireStoreEBTests;
			productReference = 0506658522DE09A5000CBD5F /* TinderFireStoreEBTests.xctest */;
			productType = "com.apple.product-type.bundle.unit-test";
		};
		0506658F22DE09A5000CBD5F /* TinderFireStoreEBUITests */ = {
			isa = PBXNativeTarget;
			buildConfigurationList = 0506659F22DE09A5000CBD5F /* Build configuration list for PBXNativeTarget "TinderFireStoreEBUITests" */;
			buildPhases = (
				0506658C22DE09A5000CBD5F /* Sources */,
				0506658D22DE09A5000CBD5F /* Frameworks */,
				0506658E22DE09A5000CBD5F /* Resources */,
			);
			buildRules = (
			);
			dependencies = (
				0506659222DE09A5000CBD5F /* PBXTargetDependency */,
			);
			name = TinderFireStoreEBUITests;
			productName = TinderFireStoreEBUITests;
			productReference = 0506659022DE09A5000CBD5F /* TinderFireStoreEBUITests.xctest */;
			productType = "com.apple.product-type.bundle.ui-testing";
		};
/* End PBXNativeTarget section */

/* Begin PBXProject section */
		0506656922DE09A3000CBD5F /* Project object */ = {
			isa = PBXProject;
			attributes = {
				LastSwiftUpdateCheck = 1020;
				LastUpgradeCheck = 1020;
				ORGANIZATIONNAME = "Eugene Berezin";
				TargetAttributes = {
					0506657022DE09A3000CBD5F = {
						CreatedOnToolsVersion = 10.2.1;
					};
					0506658422DE09A5000CBD5F = {
						CreatedOnToolsVersion = 10.2.1;
						TestTargetID = 0506657022DE09A3000CBD5F;
					};
					0506658F22DE09A5000CBD5F = {
						CreatedOnToolsVersion = 10.2.1;
						TestTargetID = 0506657022DE09A3000CBD5F;
					};
				};
			};
			buildConfigurationList = 0506656C22DE09A3000CBD5F /* Build configuration list for PBXProject "TinderFireStoreEB" */;
			compatibilityVersion = "Xcode 9.3";
			developmentRegion = en;
			hasScannedForEncodings = 0;
			knownRegions = (
				en,
				Base,
			);
			mainGroup = 0506656822DE09A3000CBD5F;
			productRefGroup = 0506657222DE09A3000CBD5F /* Products */;
			projectDirPath = "";
			projectRoot = "";
			targets = (
				0506657022DE09A3000CBD5F /* TinderFireStoreEB */,
				0506658422DE09A5000CBD5F /* TinderFireStoreEBTests */,
				0506658F22DE09A5000CBD5F /* TinderFireStoreEBUITests */,
			);
		};
/* End PBXProject section */

/* Begin PBXResourcesBuildPhase section */
		0506656F22DE09A3000CBD5F /* Resources */ = {
			isa = PBXResourcesBuildPhase;
			buildActionMask = 2147483647;
			files = (
				0506657F22DE09A5000CBD5F /* LaunchScreen.storyboard in Resources */,
				052A4B33230233A900F1DCA2 /* GoogleService-Info.plist in Resources */,
				0506657C22DE09A5000CBD5F /* Assets.xcassets in Resources */,
				050D982C230645F60055E1F1 /* app_icon.png in Resources */,
				0506657A22DE09A3000CBD5F /* Main.storyboard in Resources */,
			);
			runOnlyForDeploymentPostprocessing = 0;
		};
		0506658322DE09A5000CBD5F /* Resources */ = {
			isa = PBXResourcesBuildPhase;
			buildActionMask = 2147483647;
			files = (
			);
			runOnlyForDeploymentPostprocessing = 0;
		};
		0506658E22DE09A5000CBD5F /* Resources */ = {
			isa = PBXResourcesBuildPhase;
			buildActionMask = 2147483647;
			files = (
			);
			runOnlyForDeploymentPostprocessing = 0;
		};
/* End PBXResourcesBuildPhase section */

/* Begin PBXShellScriptBuildPhase section */
		27FC929FDCD36A2A96E3F1E1 /* [CP] Check Pods Manifest.lock */ = {
			isa = PBXShellScriptBuildPhase;
			buildActionMask = 2147483647;
			files = (
			);
			inputPaths = (
				"${PODS_PODFILE_DIR_PATH}/Podfile.lock",
				"${PODS_ROOT}/Manifest.lock",
			);
			name = "[CP] Check Pods Manifest.lock";
			outputPaths = (
				"$(DERIVED_FILE_DIR)/Pods-TinderFireStoreEB-checkManifestLockResult.txt",
			);
			runOnlyForDeploymentPostprocessing = 0;
			shellPath = /bin/sh;
			shellScript = "diff \"${PODS_PODFILE_DIR_PATH}/Podfile.lock\" \"${PODS_ROOT}/Manifest.lock\" > /dev/null\nif [ $? != 0 ] ; then\n    # print error to STDERR\n    echo \"error: The sandbox is not in sync with the Podfile.lock. Run 'pod install' or update your CocoaPods installation.\" >&2\n    exit 1\nfi\n# This output is used by Xcode 'outputs' to avoid re-running this script phase.\necho \"SUCCESS\" > \"${SCRIPT_OUTPUT_FILE_0}\"\n";
			showEnvVarsInLog = 0;
		};
		B4BD682D0BD350A3BB6FE67D /* [CP] Embed Pods Frameworks */ = {
			isa = PBXShellScriptBuildPhase;
			buildActionMask = 2147483647;
			files = (
			);
			inputPaths = (
				"${SRCROOT}/Pods/Target Support Files/Pods-TinderFireStoreEB/Pods-TinderFireStoreEB-frameworks.sh",
				"${BUILT_PRODUCTS_DIR}/BoringSSL-GRPC/openssl_grpc.framework",
				"${BUILT_PRODUCTS_DIR}/GTMSessionFetcher/GTMSessionFetcher.framework",
				"${BUILT_PRODUCTS_DIR}/GoogleUtilities/GoogleUtilities.framework",
				"${BUILT_PRODUCTS_DIR}/JGProgressHUD/JGProgressHUD.framework",
				"${BUILT_PRODUCTS_DIR}/LBTATools/LBTATools.framework",
				"${BUILT_PRODUCTS_DIR}/Protobuf/Protobuf.framework",
				"${BUILT_PRODUCTS_DIR}/SDWebImage/SDWebImage.framework",
				"${BUILT_PRODUCTS_DIR}/gRPC/GRPCClient.framework",
				"${BUILT_PRODUCTS_DIR}/gRPC-C++/grpcpp.framework",
				"${BUILT_PRODUCTS_DIR}/gRPC-Core/grpc.framework",
				"${BUILT_PRODUCTS_DIR}/gRPC-ProtoRPC/ProtoRPC.framework",
				"${BUILT_PRODUCTS_DIR}/gRPC-RxLibrary/RxLibrary.framework",
				"${BUILT_PRODUCTS_DIR}/leveldb-library/leveldb.framework",
				"${BUILT_PRODUCTS_DIR}/nanopb/nanopb.framework",
			);
			name = "[CP] Embed Pods Frameworks";
			outputPaths = (
				"${TARGET_BUILD_DIR}/${FRAMEWORKS_FOLDER_PATH}/openssl_grpc.framework",
				"${TARGET_BUILD_DIR}/${FRAMEWORKS_FOLDER_PATH}/GTMSessionFetcher.framework",
				"${TARGET_BUILD_DIR}/${FRAMEWORKS_FOLDER_PATH}/GoogleUtilities.framework",
				"${TARGET_BUILD_DIR}/${FRAMEWORKS_FOLDER_PATH}/JGProgressHUD.framework",
				"${TARGET_BUILD_DIR}/${FRAMEWORKS_FOLDER_PATH}/LBTATools.framework",
				"${TARGET_BUILD_DIR}/${FRAMEWORKS_FOLDER_PATH}/Protobuf.framework",
				"${TARGET_BUILD_DIR}/${FRAMEWORKS_FOLDER_PATH}/SDWebImage.framework",
				"${TARGET_BUILD_DIR}/${FRAMEWORKS_FOLDER_PATH}/GRPCClient.framework",
				"${TARGET_BUILD_DIR}/${FRAMEWORKS_FOLDER_PATH}/grpcpp.framework",
				"${TARGET_BUILD_DIR}/${FRAMEWORKS_FOLDER_PATH}/grpc.framework",
				"${TARGET_BUILD_DIR}/${FRAMEWORKS_FOLDER_PATH}/ProtoRPC.framework",
				"${TARGET_BUILD_DIR}/${FRAMEWORKS_FOLDER_PATH}/RxLibrary.framework",
				"${TARGET_BUILD_DIR}/${FRAMEWORKS_FOLDER_PATH}/leveldb.framework",
				"${TARGET_BUILD_DIR}/${FRAMEWORKS_FOLDER_PATH}/nanopb.framework",
			);
			runOnlyForDeploymentPostprocessing = 0;
			shellPath = /bin/sh;
			shellScript = "\"${SRCROOT}/Pods/Target Support Files/Pods-TinderFireStoreEB/Pods-TinderFireStoreEB-frameworks.sh\"\n";
			showEnvVarsInLog = 0;
		};
/* End PBXShellScriptBuildPhase section */

/* Begin PBXSourcesBuildPhase section */
		0506656D22DE09A3000CBD5F /* Sources */ = {
			isa = PBXSourcesBuildPhase;
			buildActionMask = 2147483647;
			files = (
				050D9822230623750055E1F1 /* LoginController.swift in Sources */,
				052A4AE822EFE27400F1DCA2 /* Bindable.swift in Sources */,
				0506657722DE09A3000CBD5F /* HomeController.swift in Sources */,
				0555A6F122ED0F0D0091E712 /* RegistrationViewModal.swift in Sources */,
				057B354722DFF6CF00DFB567 /* HomeBottomControlsStackView.swift in Sources */,
				0555A6E722E4F0170091E712 /* Advertiser.swift in Sources */,
				0506657522DE09A3000CBD5F /* AppDelegate.swift in Sources */,
				050D9824230623AE0055E1F1 /* LoginViewModel.swift in Sources */,
				052A4B2B22FF9E6800F1DCA2 /* AgeRangeCell.swift in Sources */,
				05029A012335A4360049C0A7 /* Match.swift in Sources */,
				0555A6A822E3B8600091E712 /* CardViewModel.swift in Sources */,
				05703927231F5D7600939035 /* MatchView.swift in Sources */,
				0570396A2327213400939035 /* MatchesMessagesController.swift in Sources */,
				052A4B2F2300B40600F1DCA2 /* Firebase+Utils.swift in Sources */,
				050D982023039CF80055E1F1 /* UserDetailsController.swift in Sources */,
				05029A032335A4BA0049C0A7 /* MatchCell.swift in Sources */,
				0555A6EF22E9473E0091E712 /* CustomedTextField.swift in Sources */,
				05029A072335A5C30049C0A7 /* MessageCell.swift in Sources */,
				057039292320968A00939035 /* SendMessageButton.swift in Sources */,
				0526B4B8232C8496002EC21F /* MessageNavBar.swift in Sources */,
				057B354B22E1659300DFB567 /* CardView.swift in Sources */,
				05029A052335A5610049C0A7 /* Message.swift in Sources */,
				052A4B2722FA5D9E00F1DCA2 /* SettingsController.swift in Sources */,
				057B354922E0010B00DFB567 /* TopNavigationStackView.swift in Sources */,
				0555A6ED22E937C30091E712 /* RegistrationController.swift in Sources */,
				0570392B23209CEF00939035 /* KeepSwipingButton.swift in Sources */,
				0570396C2328700B00939035 /* MatchesNavBar.swift in Sources */,
				050299FF23357DAA0049C0A7 /* CustomInputAccessoryView.swift in Sources */,
				0555A6A422E2DCB80091E712 /* User.swift in Sources */,
				052A4B2922FBA09D00F1DCA2 /* SettingsCell.swift in Sources */,
				0526B4B6232C6EDF002EC21F /* ChatLogController.swift in Sources */,
				050D982E230762790055E1F1 /* SwipingPhotosController.swift in Sources */,
			);
			runOnlyForDeploymentPostprocessing = 0;
		};
		0506658122DE09A5000CBD5F /* Sources */ = {
			isa = PBXSourcesBuildPhase;
			buildActionMask = 2147483647;
			files = (
				0506658A22DE09A5000CBD5F /* TinderFireStoreEBTests.swift in Sources */,
			);
			runOnlyForDeploymentPostprocessing = 0;
		};
		0506658C22DE09A5000CBD5F /* Sources */ = {
			isa = PBXSourcesBuildPhase;
			buildActionMask = 2147483647;
			files = (
				0506659522DE09A5000CBD5F /* TinderFireStoreEBUITests.swift in Sources */,
			);
			runOnlyForDeploymentPostprocessing = 0;
		};
/* End PBXSourcesBuildPhase section */

/* Begin PBXTargetDependency section */
		0506658722DE09A5000CBD5F /* PBXTargetDependency */ = {
			isa = PBXTargetDependency;
			target = 0506657022DE09A3000CBD5F /* TinderFireStoreEB */;
			targetProxy = 0506658622DE09A5000CBD5F /* PBXContainerItemProxy */;
		};
		0506659222DE09A5000CBD5F /* PBXTargetDependency */ = {
			isa = PBXTargetDependency;
			target = 0506657022DE09A3000CBD5F /* TinderFireStoreEB */;
			targetProxy = 0506659122DE09A5000CBD5F /* PBXContainerItemProxy */;
		};
/* End PBXTargetDependency section */

/* Begin PBXVariantGroup section */
		0506657822DE09A3000CBD5F /* Main.storyboard */ = {
			isa = PBXVariantGroup;
			children = (
				0506657922DE09A3000CBD5F /* Base */,
			);
			name = Main.storyboard;
			sourceTree = "<group>";
		};
		0506657D22DE09A5000CBD5F /* LaunchScreen.storyboard */ = {
			isa = PBXVariantGroup;
			children = (
				0506657E22DE09A5000CBD5F /* Base */,
			);
			name = LaunchScreen.storyboard;
			sourceTree = "<group>";
		};
/* End PBXVariantGroup section */

/* Begin XCBuildConfiguration section */
		0506659722DE09A5000CBD5F /* Debug */ = {
			isa = XCBuildConfiguration;
			buildSettings = {
				ALWAYS_SEARCH_USER_PATHS = NO;
				CLANG_ANALYZER_NONNULL = YES;
				CLANG_ANALYZER_NUMBER_OBJECT_CONVERSION = YES_AGGRESSIVE;
				CLANG_CXX_LANGUAGE_STANDARD = "gnu++14";
				CLANG_CXX_LIBRARY = "libc++";
				CLANG_ENABLE_MODULES = YES;
				CLANG_ENABLE_OBJC_ARC = YES;
				CLANG_ENABLE_OBJC_WEAK = YES;
				CLANG_WARN_BLOCK_CAPTURE_AUTORELEASING = YES;
				CLANG_WARN_BOOL_CONVERSION = YES;
				CLANG_WARN_COMMA = YES;
				CLANG_WARN_CONSTANT_CONVERSION = YES;
				CLANG_WARN_DEPRECATED_OBJC_IMPLEMENTATIONS = YES;
				CLANG_WARN_DIRECT_OBJC_ISA_USAGE = YES_ERROR;
				CLANG_WARN_DOCUMENTATION_COMMENTS = YES;
				CLANG_WARN_EMPTY_BODY = YES;
				CLANG_WARN_ENUM_CONVERSION = YES;
				CLANG_WARN_INFINITE_RECURSION = YES;
				CLANG_WARN_INT_CONVERSION = YES;
				CLANG_WARN_NON_LITERAL_NULL_CONVERSION = YES;
				CLANG_WARN_OBJC_IMPLICIT_RETAIN_SELF = YES;
				CLANG_WARN_OBJC_LITERAL_CONVERSION = YES;
				CLANG_WARN_OBJC_ROOT_CLASS = YES_ERROR;
				CLANG_WARN_RANGE_LOOP_ANALYSIS = YES;
				CLANG_WARN_STRICT_PROTOTYPES = YES;
				CLANG_WARN_SUSPICIOUS_MOVE = YES;
				CLANG_WARN_UNGUARDED_AVAILABILITY = YES_AGGRESSIVE;
				CLANG_WARN_UNREACHABLE_CODE = YES;
				CLANG_WARN__DUPLICATE_METHOD_MATCH = YES;
				CODE_SIGN_IDENTITY = "iPhone Developer";
				COPY_PHASE_STRIP = NO;
				DEBUG_INFORMATION_FORMAT = dwarf;
				ENABLE_STRICT_OBJC_MSGSEND = YES;
				ENABLE_TESTABILITY = YES;
				GCC_C_LANGUAGE_STANDARD = gnu11;
				GCC_DYNAMIC_NO_PIC = NO;
				GCC_NO_COMMON_BLOCKS = YES;
				GCC_OPTIMIZATION_LEVEL = 0;
				GCC_PREPROCESSOR_DEFINITIONS = (
					"DEBUG=1",
					"$(inherited)",
				);
				GCC_WARN_64_TO_32_BIT_CONVERSION = YES;
				GCC_WARN_ABOUT_RETURN_TYPE = YES_ERROR;
				GCC_WARN_UNDECLARED_SELECTOR = YES;
				GCC_WARN_UNINITIALIZED_AUTOS = YES_AGGRESSIVE;
				GCC_WARN_UNUSED_FUNCTION = YES;
				GCC_WARN_UNUSED_VARIABLE = YES;
				IPHONEOS_DEPLOYMENT_TARGET = 12.2;
				MTL_ENABLE_DEBUG_INFO = INCLUDE_SOURCE;
				MTL_FAST_MATH = YES;
				ONLY_ACTIVE_ARCH = YES;
				SDKROOT = iphoneos;
				SWIFT_ACTIVE_COMPILATION_CONDITIONS = DEBUG;
				SWIFT_OPTIMIZATION_LEVEL = "-Onone";
			};
			name = Debug;
		};
		0506659822DE09A5000CBD5F /* Release */ = {
			isa = XCBuildConfiguration;
			buildSettings = {
				ALWAYS_SEARCH_USER_PATHS = NO;
				CLANG_ANALYZER_NONNULL = YES;
				CLANG_ANALYZER_NUMBER_OBJECT_CONVERSION = YES_AGGRESSIVE;
				CLANG_CXX_LANGUAGE_STANDARD = "gnu++14";
				CLANG_CXX_LIBRARY = "libc++";
				CLANG_ENABLE_MODULES = YES;
				CLANG_ENABLE_OBJC_ARC = YES;
				CLANG_ENABLE_OBJC_WEAK = YES;
				CLANG_WARN_BLOCK_CAPTURE_AUTORELEASING = YES;
				CLANG_WARN_BOOL_CONVERSION = YES;
				CLANG_WARN_COMMA = YES;
				CLANG_WARN_CONSTANT_CONVERSION = YES;
				CLANG_WARN_DEPRECATED_OBJC_IMPLEMENTATIONS = YES;
				CLANG_WARN_DIRECT_OBJC_ISA_USAGE = YES_ERROR;
				CLANG_WARN_DOCUMENTATION_COMMENTS = YES;
				CLANG_WARN_EMPTY_BODY = YES;
				CLANG_WARN_ENUM_CONVERSION = YES;
				CLANG_WARN_INFINITE_RECURSION = YES;
				CLANG_WARN_INT_CONVERSION = YES;
				CLANG_WARN_NON_LITERAL_NULL_CONVERSION = YES;
				CLANG_WARN_OBJC_IMPLICIT_RETAIN_SELF = YES;
				CLANG_WARN_OBJC_LITERAL_CONVERSION = YES;
				CLANG_WARN_OBJC_ROOT_CLASS = YES_ERROR;
				CLANG_WARN_RANGE_LOOP_ANALYSIS = YES;
				CLANG_WARN_STRICT_PROTOTYPES = YES;
				CLANG_WARN_SUSPICIOUS_MOVE = YES;
				CLANG_WARN_UNGUARDED_AVAILABILITY = YES_AGGRESSIVE;
				CLANG_WARN_UNREACHABLE_CODE = YES;
				CLANG_WARN__DUPLICATE_METHOD_MATCH = YES;
				CODE_SIGN_IDENTITY = "iPhone Developer";
				COPY_PHASE_STRIP = NO;
				DEBUG_INFORMATION_FORMAT = "dwarf-with-dsym";
				ENABLE_NS_ASSERTIONS = NO;
				ENABLE_STRICT_OBJC_MSGSEND = YES;
				GCC_C_LANGUAGE_STANDARD = gnu11;
				GCC_NO_COMMON_BLOCKS = YES;
				GCC_WARN_64_TO_32_BIT_CONVERSION = YES;
				GCC_WARN_ABOUT_RETURN_TYPE = YES_ERROR;
				GCC_WARN_UNDECLARED_SELECTOR = YES;
				GCC_WARN_UNINITIALIZED_AUTOS = YES_AGGRESSIVE;
				GCC_WARN_UNUSED_FUNCTION = YES;
				GCC_WARN_UNUSED_VARIABLE = YES;
				IPHONEOS_DEPLOYMENT_TARGET = 12.2;
				MTL_ENABLE_DEBUG_INFO = NO;
				MTL_FAST_MATH = YES;
				SDKROOT = iphoneos;
				SWIFT_COMPILATION_MODE = wholemodule;
				SWIFT_OPTIMIZATION_LEVEL = "-O";
				VALIDATE_PRODUCT = YES;
			};
			name = Release;
		};
		0506659A22DE09A5000CBD5F /* Debug */ = {
			isa = XCBuildConfiguration;
			baseConfigurationReference = D856F8DA48A9AD32757CD9A2 /* Pods-TinderFireStoreEB.debug.xcconfig */;
			buildSettings = {
				ASSETCATALOG_COMPILER_APPICON_NAME = AppIcon;
				CODE_SIGN_STYLE = Automatic;
				DEVELOPMENT_TEAM = JGX8KL9J9F;
				INFOPLIST_FILE = TinderFireStoreEB/Info.plist;
				LD_RUNPATH_SEARCH_PATHS = (
					"$(inherited)",
					"@executable_path/Frameworks",
				);
				PRODUCT_BUNDLE_IDENTIFIER = com.TinderFireStoreEB.TinderFireStoreEB;
				PRODUCT_NAME = "$(TARGET_NAME)";
				SWIFT_VERSION = 5.0;
				TARGETED_DEVICE_FAMILY = "1,2";
			};
			name = Debug;
		};
		0506659B22DE09A5000CBD5F /* Release */ = {
			isa = XCBuildConfiguration;
			baseConfigurationReference = 89A2758824C91BDC74BF7018 /* Pods-TinderFireStoreEB.release.xcconfig */;
			buildSettings = {
				ASSETCATALOG_COMPILER_APPICON_NAME = AppIcon;
				CODE_SIGN_STYLE = Automatic;
				DEVELOPMENT_TEAM = JGX8KL9J9F;
				INFOPLIST_FILE = TinderFireStoreEB/Info.plist;
				LD_RUNPATH_SEARCH_PATHS = (
					"$(inherited)",
					"@executable_path/Frameworks",
				);
				PRODUCT_BUNDLE_IDENTIFIER = com.TinderFireStoreEB.TinderFireStoreEB;
				PRODUCT_NAME = "$(TARGET_NAME)";
				SWIFT_VERSION = 5.0;
				TARGETED_DEVICE_FAMILY = "1,2";
			};
			name = Release;
		};
		0506659D22DE09A5000CBD5F /* Debug */ = {
			isa = XCBuildConfiguration;
			buildSettings = {
				ALWAYS_EMBED_SWIFT_STANDARD_LIBRARIES = YES;
				BUNDLE_LOADER = "$(TEST_HOST)";
				CODE_SIGN_STYLE = Automatic;
				DEVELOPMENT_TEAM = JGX8KL9J9F;
				INFOPLIST_FILE = TinderFireStoreEBTests/Info.plist;
				LD_RUNPATH_SEARCH_PATHS = (
					"$(inherited)",
					"@executable_path/Frameworks",
					"@loader_path/Frameworks",
				);
				PRODUCT_BUNDLE_IDENTIFIER = com.TinderFireStoreEB.TinderFireStoreEBTests;
				PRODUCT_NAME = "$(TARGET_NAME)";
				SWIFT_VERSION = 5.0;
				TARGETED_DEVICE_FAMILY = "1,2";
				TEST_HOST = "$(BUILT_PRODUCTS_DIR)/TinderFireStoreEB.app/TinderFireStoreEB";
			};
			name = Debug;
		};
		0506659E22DE09A5000CBD5F /* Release */ = {
			isa = XCBuildConfiguration;
			buildSettings = {
				ALWAYS_EMBED_SWIFT_STANDARD_LIBRARIES = YES;
				BUNDLE_LOADER = "$(TEST_HOST)";
				CODE_SIGN_STYLE = Automatic;
				DEVELOPMENT_TEAM = JGX8KL9J9F;
				INFOPLIST_FILE = TinderFireStoreEBTests/Info.plist;
				LD_RUNPATH_SEARCH_PATHS = (
					"$(inherited)",
					"@executable_path/Frameworks",
					"@loader_path/Frameworks",
				);
				PRODUCT_BUNDLE_IDENTIFIER = com.TinderFireStoreEB.TinderFireStoreEBTests;
				PRODUCT_NAME = "$(TARGET_NAME)";
				SWIFT_VERSION = 5.0;
				TARGETED_DEVICE_FAMILY = "1,2";
				TEST_HOST = "$(BUILT_PRODUCTS_DIR)/TinderFireStoreEB.app/TinderFireStoreEB";
			};
			name = Release;
		};
		050665A022DE09A5000CBD5F /* Debug */ = {
			isa = XCBuildConfiguration;
			buildSettings = {
				ALWAYS_EMBED_SWIFT_STANDARD_LIBRARIES = YES;
				CODE_SIGN_STYLE = Automatic;
				DEVELOPMENT_TEAM = JGX8KL9J9F;
				INFOPLIST_FILE = TinderFireStoreEBUITests/Info.plist;
				LD_RUNPATH_SEARCH_PATHS = (
					"$(inherited)",
					"@executable_path/Frameworks",
					"@loader_path/Frameworks",
				);
				PRODUCT_BUNDLE_IDENTIFIER = com.TinderFireStoreEB.TinderFireStoreEBUITests;
				PRODUCT_NAME = "$(TARGET_NAME)";
				SWIFT_VERSION = 5.0;
				TARGETED_DEVICE_FAMILY = "1,2";
				TEST_TARGET_NAME = TinderFireStoreEB;
			};
			name = Debug;
		};
		050665A122DE09A5000CBD5F /* Release */ = {
			isa = XCBuildConfiguration;
			buildSettings = {
				ALWAYS_EMBED_SWIFT_STANDARD_LIBRARIES = YES;
				CODE_SIGN_STYLE = Automatic;
				DEVELOPMENT_TEAM = JGX8KL9J9F;
				INFOPLIST_FILE = TinderFireStoreEBUITests/Info.plist;
				LD_RUNPATH_SEARCH_PATHS = (
					"$(inherited)",
					"@executable_path/Frameworks",
					"@loader_path/Frameworks",
				);
				PRODUCT_BUNDLE_IDENTIFIER = com.TinderFireStoreEB.TinderFireStoreEBUITests;
				PRODUCT_NAME = "$(TARGET_NAME)";
				SWIFT_VERSION = 5.0;
				TARGETED_DEVICE_FAMILY = "1,2";
				TEST_TARGET_NAME = TinderFireStoreEB;
			};
			name = Release;
		};
/* End XCBuildConfiguration section */

/* Begin XCConfigurationList section */
		0506656C22DE09A3000CBD5F /* Build configuration list for PBXProject "TinderFireStoreEB" */ = {
			isa = XCConfigurationList;
			buildConfigurations = (
				0506659722DE09A5000CBD5F /* Debug */,
				0506659822DE09A5000CBD5F /* Release */,
			);
			defaultConfigurationIsVisible = 0;
			defaultConfigurationName = Release;
		};
		0506659922DE09A5000CBD5F /* Build configuration list for PBXNativeTarget "TinderFireStoreEB" */ = {
			isa = XCConfigurationList;
			buildConfigurations = (
				0506659A22DE09A5000CBD5F /* Debug */,
				0506659B22DE09A5000CBD5F /* Release */,
			);
			defaultConfigurationIsVisible = 0;
			defaultConfigurationName = Release;
		};
		0506659C22DE09A5000CBD5F /* Build configuration list for PBXNativeTarget "TinderFireStoreEBTests" */ = {
			isa = XCConfigurationList;
			buildConfigurations = (
				0506659D22DE09A5000CBD5F /* Debug */,
				0506659E22DE09A5000CBD5F /* Release */,
			);
			defaultConfigurationIsVisible = 0;
			defaultConfigurationName = Release;
		};
		0506659F22DE09A5000CBD5F /* Build configuration list for PBXNativeTarget "TinderFireStoreEBUITests" */ = {
			isa = XCConfigurationList;
			buildConfigurations = (
				050665A022DE09A5000CBD5F /* Debug */,
				050665A122DE09A5000CBD5F /* Release */,
			);
			defaultConfigurationIsVisible = 0;
			defaultConfigurationName = Release;
		};
/* End XCConfigurationList section */
	};
	rootObject = 0506656922DE09A3000CBD5F /* Project object */;
}
